
Microsoft Visual Studio Solution File, Format Version 12.00
# Visual Studio Version 17
VisualStudioVersion = 17.4.33110.190
MinimumVisualStudioVersion = 10.0.40219.1
Project("{FAE04EC0-301F-11D3-BF4B-00C04F79EFBC}") = "08_FirstReverse", "08_FirstReverse\08_FirstReverse.csproj", "{D667250B-7BDF-4393-9699-E37687DB4D8D}"
EndProject
Global
	GlobalSection(SolutionConfigurationPlatforms) = preSolution
		Debug|Any CPU = Debug|Any CPU
		Release|Any CPU = Release|Any CPU
	EndGlobalSection
	GlobalSection(ProjectConfigurationPlatforms) = postSolution
		{D667250B-7BDF-4393-9699-E37687DB4D8D}.Debug|Any CPU.ActiveCfg = Debug|Any CPU
		{D667250B-7BDF-4393-9699-E37687DB4D8D}.Debug|Any CPU.Build.0 = Debug|Any CPU
		{D667250B-7BDF-4393-9699-E37687DB4D8D}.Release|Any CPU.ActiveCfg = Release|Any CPU
		{D667250B-7BDF-4393-9699-E37687DB4D8D}.Release|Any CPU.Build.0 = Release|Any CPU
	EndGlobalSection
	GlobalSection(SolutionProperties) = preSolution
		HideSolutionNode = FALSE
	EndGlobalSection
	GlobalSection(ExtensibilityGlobals) = postSolution
		SolutionGuid = {40BB486E-41C3-45A0-90AA-3D2AFEF773C1}
	EndGlobalSection
EndGlobal
