
Microsoft Visual Studio Solution File, Format Version 12.00
# Visual Studio Version 17
VisualStudioVersion = 17.4.33110.190
MinimumVisualStudioVersion = 10.0.40219.1
Project("{FAE04EC0-301F-11D3-BF4B-00C04F79EFBC}") = "01_FizzBuzz", "01_FizzBuzz\01_FizzBuzz.csproj", "{615468F3-2623-4B50-B104-D5995E9EA9DE}"
EndProject
Global
	GlobalSection(SolutionConfigurationPlatforms) = preSolution
		Debug|Any CPU = Debug|Any CPU
		Release|Any CPU = Release|Any CPU
	EndGlobalSection
	GlobalSection(ProjectConfigurationPlatforms) = postSolution
		{615468F3-2623-4B50-B104-D5995E9EA9DE}.Debug|Any CPU.ActiveCfg = Debug|Any CPU
		{615468F3-2623-4B50-B104-D5995E9EA9DE}.Debug|Any CPU.Build.0 = Debug|Any CPU
		{615468F3-2623-4B50-B104-D5995E9EA9DE}.Release|Any CPU.ActiveCfg = Release|Any CPU
		{615468F3-2623-4B50-B104-D5995E9EA9DE}.Release|Any CPU.Build.0 = Release|Any CPU
	EndGlobalSection
	GlobalSection(SolutionProperties) = preSolution
		HideSolutionNode = FALSE
	EndGlobalSection
	GlobalSection(ExtensibilityGlobals) = postSolution
		SolutionGuid = {256D3027-66B2-4543-BEEE-D04E3E5E5457}
	EndGlobalSection
EndGlobal
