
Microsoft Visual Studio Solution File, Format Version 12.00
# Visual Studio Version 17
VisualStudioVersion = 17.4.33110.190
MinimumVisualStudioVersion = 10.0.40219.1
Project("{FAE04EC0-301F-11D3-BF4B-00C04F79EFBC}") = "18_NumberReverse", "18_NumberReverse\18_NumberReverse.csproj", "{A8EB603A-C652-4868-8A81-1172CBA7FB2A}"
EndProject
Global
	GlobalSection(SolutionConfigurationPlatforms) = preSolution
		Debug|Any CPU = Debug|Any CPU
		Release|Any CPU = Release|Any CPU
	EndGlobalSection
	GlobalSection(ProjectConfigurationPlatforms) = postSolution
		{A8EB603A-C652-4868-8A81-1172CBA7FB2A}.Debug|Any CPU.ActiveCfg = Debug|Any CPU
		{A8EB603A-C652-4868-8A81-1172CBA7FB2A}.Debug|Any CPU.Build.0 = Debug|Any CPU
		{A8EB603A-C652-4868-8A81-1172CBA7FB2A}.Release|Any CPU.ActiveCfg = Release|Any CPU
		{A8EB603A-C652-4868-8A81-1172CBA7FB2A}.Release|Any CPU.Build.0 = Release|Any CPU
	EndGlobalSection
	GlobalSection(SolutionProperties) = preSolution
		HideSolutionNode = FALSE
	EndGlobalSection
	GlobalSection(ExtensibilityGlobals) = postSolution
		SolutionGuid = {A01AC312-9136-40EA-8888-C0988BDCD239}
	EndGlobalSection
EndGlobal
