
Microsoft Visual Studio Solution File, Format Version 12.00
# Visual Studio Version 17
VisualStudioVersion = 17.4.33110.190
MinimumVisualStudioVersion = 10.0.40219.1
Project("{FAE04EC0-301F-11D3-BF4B-00C04F79EFBC}") = "10_TwoSum", "10_TwoSum\10_TwoSum.csproj", "{5896C0A2-B3A9-4CA0-B941-4F5B18C4D750}"
EndProject
Global
	GlobalSection(SolutionConfigurationPlatforms) = preSolution
		Debug|Any CPU = Debug|Any CPU
		Release|Any CPU = Release|Any CPU
	EndGlobalSection
	GlobalSection(ProjectConfigurationPlatforms) = postSolution
		{5896C0A2-B3A9-4CA0-B941-4F5B18C4D750}.Debug|Any CPU.ActiveCfg = Debug|Any CPU
		{5896C0A2-B3A9-4CA0-B941-4F5B18C4D750}.Debug|Any CPU.Build.0 = Debug|Any CPU
		{5896C0A2-B3A9-4CA0-B941-4F5B18C4D750}.Release|Any CPU.ActiveCfg = Release|Any CPU
		{5896C0A2-B3A9-4CA0-B941-4F5B18C4D750}.Release|Any CPU.Build.0 = Release|Any CPU
	EndGlobalSection
	GlobalSection(SolutionProperties) = preSolution
		HideSolutionNode = FALSE
	EndGlobalSection
	GlobalSection(ExtensibilityGlobals) = postSolution
		SolutionGuid = {6025C315-5374-4583-B3E7-49F89C1AB503}
	EndGlobalSection
EndGlobal
