
Microsoft Visual Studio Solution File, Format Version 12.00
# Visual Studio Version 17
VisualStudioVersion = 17.4.33110.190
MinimumVisualStudioVersion = 10.0.40219.1
Project("{FAE04EC0-301F-11D3-BF4B-00C04F79EFBC}") = "34_BitwiseOne", "34_BitwiseOne\34_BitwiseOne.csproj", "{4DA2E1BF-D5C4-472E-BC91-F1EC1CECF9E6}"
EndProject
Global
	GlobalSection(SolutionConfigurationPlatforms) = preSolution
		Debug|Any CPU = Debug|Any CPU
		Release|Any CPU = Release|Any CPU
	EndGlobalSection
	GlobalSection(ProjectConfigurationPlatforms) = postSolution
		{4DA2E1BF-D5C4-472E-BC91-F1EC1CECF9E6}.Debug|Any CPU.ActiveCfg = Debug|Any CPU
		{4DA2E1BF-D5C4-472E-BC91-F1EC1CECF9E6}.Debug|Any CPU.Build.0 = Debug|Any CPU
		{4DA2E1BF-D5C4-472E-BC91-F1EC1CECF9E6}.Release|Any CPU.ActiveCfg = Release|Any CPU
		{4DA2E1BF-D5C4-472E-BC91-F1EC1CECF9E6}.Release|Any CPU.Build.0 = Release|Any CPU
	EndGlobalSection
	GlobalSection(SolutionProperties) = preSolution
		HideSolutionNode = FALSE
	EndGlobalSection
	GlobalSection(ExtensibilityGlobals) = postSolution
		SolutionGuid = {15A5EB09-9C9E-47BC-9422-1F3DB8A8470B}
	EndGlobalSection
EndGlobal
