
Microsoft Visual Studio Solution File, Format Version 12.00
# Visual Studio Version 17
VisualStudioVersion = 17.4.33110.190
MinimumVisualStudioVersion = 10.0.40219.1
Project("{FAE04EC0-301F-11D3-BF4B-00C04F79EFBC}") = "29_LargestFour", "29_LargestFour\29_LargestFour.csproj", "{A49A4FD1-AC04-454C-A5D0-FAB4EE7F75A6}"
EndProject
Global
	GlobalSection(SolutionConfigurationPlatforms) = preSolution
		Debug|Any CPU = Debug|Any CPU
		Release|Any CPU = Release|Any CPU
	EndGlobalSection
	GlobalSection(ProjectConfigurationPlatforms) = postSolution
		{A49A4FD1-AC04-454C-A5D0-FAB4EE7F75A6}.Debug|Any CPU.ActiveCfg = Debug|Any CPU
		{A49A4FD1-AC04-454C-A5D0-FAB4EE7F75A6}.Debug|Any CPU.Build.0 = Debug|Any CPU
		{A49A4FD1-AC04-454C-A5D0-FAB4EE7F75A6}.Release|Any CPU.ActiveCfg = Release|Any CPU
		{A49A4FD1-AC04-454C-A5D0-FAB4EE7F75A6}.Release|Any CPU.Build.0 = Release|Any CPU
	EndGlobalSection
	GlobalSection(SolutionProperties) = preSolution
		HideSolutionNode = FALSE
	EndGlobalSection
	GlobalSection(ExtensibilityGlobals) = postSolution
		SolutionGuid = {79A767EE-B170-4261-A1C5-74525E404660}
	EndGlobalSection
EndGlobal
